
Microsoft Visual Studio Solution File, Format Version 12.00
# Visual Studio Version 17
VisualStudioVersion = 17.1.32414.318
MinimumVisualStudioVersion = 10.0.40219.1
Project("{FAE04EC0-301F-11D3-BF4B-00C04F79EFBC}") = "capaDatos", "CapaDatos\capaDatos.csproj", "{55485217-C196-4E5C-A357-8E6AA263F9EC}"
EndProject
Project("{FAE04EC0-301F-11D3-BF4B-00C04F79EFBC}") = "capaEntidad", "CapaEntidad\capaEntidad.csproj", "{7FC0B4DF-CA9B-4B6A-9B5F-413A31177C1D}"
EndProject
Project("{FAE04EC0-301F-11D3-BF4B-00C04F79EFBC}") = "capaNegocio", "capaNegocio\capaNegocio.csproj", "{A77D289E-AA58-4ADE-997A-0305782EFCF2}"
EndProject
Project("{FAE04EC0-301F-11D3-BF4B-00C04F79EFBC}") = "capaPresentacion", "capaPresentacion\capaPresentacion.csproj", "{8C809C46-E290-4444-9931-970F834FC6CA}"
EndProject
Global
	GlobalSection(SolutionConfigurationPlatforms) = preSolution
		Debug|Any CPU = Debug|Any CPU
		Release|Any CPU = Release|Any CPU
	EndGlobalSection
	GlobalSection(ProjectConfigurationPlatforms) = postSolution
		{55485217-C196-4E5C-A357-8E6AA263F9EC}.Debug|Any CPU.ActiveCfg = Debug|Any CPU
		{55485217-C196-4E5C-A357-8E6AA263F9EC}.Debug|Any CPU.Build.0 = Debug|Any CPU
		{55485217-C196-4E5C-A357-8E6AA263F9EC}.Release|Any CPU.ActiveCfg = Release|Any CPU
		{55485217-C196-4E5C-A357-8E6AA263F9EC}.Release|Any CPU.Build.0 = Release|Any CPU
		{7FC0B4DF-CA9B-4B6A-9B5F-413A31177C1D}.Debug|Any CPU.ActiveCfg = Debug|Any CPU
		{7FC0B4DF-CA9B-4B6A-9B5F-413A31177C1D}.Debug|Any CPU.Build.0 = Debug|Any CPU
		{7FC0B4DF-CA9B-4B6A-9B5F-413A31177C1D}.Release|Any CPU.ActiveCfg = Release|Any CPU
		{7FC0B4DF-CA9B-4B6A-9B5F-413A31177C1D}.Release|Any CPU.Build.0 = Release|Any CPU
		{A77D289E-AA58-4ADE-997A-0305782EFCF2}.Debug|Any CPU.ActiveCfg = Debug|Any CPU
		{A77D289E-AA58-4ADE-997A-0305782EFCF2}.Debug|Any CPU.Build.0 = Debug|Any CPU
		{A77D289E-AA58-4ADE-997A-0305782EFCF2}.Release|Any CPU.ActiveCfg = Release|Any CPU
		{A77D289E-AA58-4ADE-997A-0305782EFCF2}.Release|Any CPU.Build.0 = Release|Any CPU
		{8C809C46-E290-4444-9931-970F834FC6CA}.Debug|Any CPU.ActiveCfg = Debug|Any CPU
		{8C809C46-E290-4444-9931-970F834FC6CA}.Debug|Any CPU.Build.0 = Debug|Any CPU
		{8C809C46-E290-4444-9931-970F834FC6CA}.Release|Any CPU.ActiveCfg = Release|Any CPU
		{8C809C46-E290-4444-9931-970F834FC6CA}.Release|Any CPU.Build.0 = Release|Any CPU
	EndGlobalSection
	GlobalSection(SolutionProperties) = preSolution
		HideSolutionNode = FALSE
	EndGlobalSection
	GlobalSection(ExtensibilityGlobals) = postSolution
		SolutionGuid = {EBC1528C-D5C7-4B80-9E65-E2A75F00FAD7}
	EndGlobalSection
EndGlobal
